
Microsoft Visual Studio Solution File, Format Version 12.00
# Visual Studio 2013
VisualStudioVersion = 12.0.21005.1
MinimumVisualStudioVersion = 10.0.40219.1
Project("{FAE04EC0-301F-11D3-BF4B-00C04F79EFBC}") = "Collections", "Collections\Collections.csproj", "{032FCAF0-B1B9-4B5A-A3C9-5FFBACDA7C95}"
EndProject
Project("{FAE04EC0-301F-11D3-BF4B-00C04F79EFBC}") = "LInQ", "LInQ\LInQ.csproj", "{0FF1E121-20CC-45B3-87C9-4B509D8AA735}"
EndProject
Global
	GlobalSection(SolutionConfigurationPlatforms) = preSolution
		Debug|Any CPU = Debug|Any CPU
		Release|Any CPU = Release|Any CPU
	EndGlobalSection
	GlobalSection(ProjectConfigurationPlatforms) = postSolution
		{032FCAF0-B1B9-4B5A-A3C9-5FFBACDA7C95}.Debug|Any CPU.ActiveCfg = Debug|Any CPU
		{032FCAF0-B1B9-4B5A-A3C9-5FFBACDA7C95}.Debug|Any CPU.Build.0 = Debug|Any CPU
		{032FCAF0-B1B9-4B5A-A3C9-5FFBACDA7C95}.Release|Any CPU.ActiveCfg = Release|Any CPU
		{032FCAF0-B1B9-4B5A-A3C9-5FFBACDA7C95}.Release|Any CPU.Build.0 = Release|Any CPU
		{0FF1E121-20CC-45B3-87C9-4B509D8AA735}.Debug|Any CPU.ActiveCfg = Debug|Any CPU
		{0FF1E121-20CC-45B3-87C9-4B509D8AA735}.Debug|Any CPU.Build.0 = Debug|Any CPU
		{0FF1E121-20CC-45B3-87C9-4B509D8AA735}.Release|Any CPU.ActiveCfg = Release|Any CPU
		{0FF1E121-20CC-45B3-87C9-4B509D8AA735}.Release|Any CPU.Build.0 = Release|Any CPU
	EndGlobalSection
	GlobalSection(SolutionProperties) = preSolution
		HideSolutionNode = FALSE
	EndGlobalSection
EndGlobal
