
Microsoft Visual Studio Solution File, Format Version 12.00
# Visual Studio 2013
VisualStudioVersion = 12.0.21005.1
MinimumVisualStudioVersion = 10.0.40219.1
Project("{FAE04EC0-301F-11D3-BF4B-00C04F79EFBC}") = "01.SchoolClasses", "SchoolClasses\01.SchoolClasses.csproj", "{5B33B04C-3F41-483C-A9CA-7383940C3737}"
EndProject
Project("{FAE04EC0-301F-11D3-BF4B-00C04F79EFBC}") = "02.StudentsAndWorkers", "02.StudentsAndWorkers\02.StudentsAndWorkers.csproj", "{D10152D5-8198-4B47-B1DF-508F9E396AE1}"
EndProject
Project("{FAE04EC0-301F-11D3-BF4B-00C04F79EFBC}") = "03.AnimalHierarchy", "AnimalHierarchy\03.AnimalHierarchy.csproj", "{9F2ED696-F41D-4B40-A884-7977CA7871E4}"
EndProject
Global
	GlobalSection(SolutionConfigurationPlatforms) = preSolution
		Debug|Any CPU = Debug|Any CPU
		Release|Any CPU = Release|Any CPU
	EndGlobalSection
	GlobalSection(ProjectConfigurationPlatforms) = postSolution
		{5B33B04C-3F41-483C-A9CA-7383940C3737}.Debug|Any CPU.ActiveCfg = Debug|Any CPU
		{5B33B04C-3F41-483C-A9CA-7383940C3737}.Debug|Any CPU.Build.0 = Debug|Any CPU
		{5B33B04C-3F41-483C-A9CA-7383940C3737}.Release|Any CPU.ActiveCfg = Release|Any CPU
		{5B33B04C-3F41-483C-A9CA-7383940C3737}.Release|Any CPU.Build.0 = Release|Any CPU
		{D10152D5-8198-4B47-B1DF-508F9E396AE1}.Debug|Any CPU.ActiveCfg = Debug|Any CPU
		{D10152D5-8198-4B47-B1DF-508F9E396AE1}.Debug|Any CPU.Build.0 = Debug|Any CPU
		{D10152D5-8198-4B47-B1DF-508F9E396AE1}.Release|Any CPU.ActiveCfg = Release|Any CPU
		{D10152D5-8198-4B47-B1DF-508F9E396AE1}.Release|Any CPU.Build.0 = Release|Any CPU
		{9F2ED696-F41D-4B40-A884-7977CA7871E4}.Debug|Any CPU.ActiveCfg = Debug|Any CPU
		{9F2ED696-F41D-4B40-A884-7977CA7871E4}.Debug|Any CPU.Build.0 = Debug|Any CPU
		{9F2ED696-F41D-4B40-A884-7977CA7871E4}.Release|Any CPU.ActiveCfg = Release|Any CPU
		{9F2ED696-F41D-4B40-A884-7977CA7871E4}.Release|Any CPU.Build.0 = Release|Any CPU
	EndGlobalSection
	GlobalSection(SolutionProperties) = preSolution
		HideSolutionNode = FALSE
	EndGlobalSection
EndGlobal
