
Microsoft Visual Studio Solution File, Format Version 12.00
# Visual Studio 2013
VisualStudioVersion = 12.0.21005.1
MinimumVisualStudioVersion = 10.0.40219.1
Project("{FAE04EC0-301F-11D3-BF4B-00C04F79EFBC}") = "04HelloWorld", "HelloWorld\04HelloWorld.csproj", "{D49E9CCC-CBAE-4C7F-9A9D-3E25A7DB46A8}"
EndProject
Project("{FAE04EC0-301F-11D3-BF4B-00C04F79EFBC}") = "05PrintMyName", "Print Your Name\05PrintMyName.csproj", "{45C0F4F4-C697-44A9-AE93-4DBFF717FCEE}"
EndProject
Project("{FAE04EC0-301F-11D3-BF4B-00C04F79EFBC}") = "06PrintNumbers", "PrintNumbers\06PrintNumbers.csproj", "{0D2CB887-7D7D-4734-B6A2-C36B58DE110C}"
EndProject
Project("{FAE04EC0-301F-11D3-BF4B-00C04F79EFBC}") = "07PrintFirstandLastName", "PrintFirstandLastName\07PrintFirstandLastName.csproj", "{6D8C6EC7-E35E-4E0C-804E-8963E7666F92}"
EndProject
Project("{FAE04EC0-301F-11D3-BF4B-00C04F79EFBC}") = "08SquareRoot", "SquareRoot\08SquareRoot.csproj", "{2F5BAB7D-DC6F-4A70-9F81-35F8E9F7EA24}"
EndProject
Project("{FAE04EC0-301F-11D3-BF4B-00C04F79EFBC}") = "09PrintSequence", "PrintSequence\09PrintSequence.csproj", "{DF29C334-6B0A-41F0-9F7A-2BE6BDBEBD2C}"
EndProject
Project("{FAE04EC0-301F-11D3-BF4B-00C04F79EFBC}") = "10ReformatCode", "ReformatCode\10ReformatCode.csproj", "{512C86B8-16AC-44BC-B723-2E7C94FAEF73}"
EndProject
Project("{FAE04EC0-301F-11D3-BF4B-00C04F79EFBC}") = "14CcurentDataTime", "curentDataTime\14CcurentDataTime.csproj", "{1705FCAB-9522-4589-A490-A295980D60E6}"
EndProject
Project("{FAE04EC0-301F-11D3-BF4B-00C04F79EFBC}") = "15MyAge", "15MyAge\15MyAge.csproj", "{49964E58-FD3E-444A-B0F7-4F508EEE657B}"
EndProject
Project("{FAE04EC0-301F-11D3-BF4B-00C04F79EFBC}") = "16PrintLongSequence", "16PrintLongSequence\16PrintLongSequence.csproj", "{CD7D66D4-94CD-42AD-AE33-441B38A57C01}"
EndProject
Global
	GlobalSection(SolutionConfigurationPlatforms) = preSolution
		Debug|Any CPU = Debug|Any CPU
		Release|Any CPU = Release|Any CPU
	EndGlobalSection
	GlobalSection(ProjectConfigurationPlatforms) = postSolution
		{D49E9CCC-CBAE-4C7F-9A9D-3E25A7DB46A8}.Debug|Any CPU.ActiveCfg = Debug|Any CPU
		{D49E9CCC-CBAE-4C7F-9A9D-3E25A7DB46A8}.Debug|Any CPU.Build.0 = Debug|Any CPU
		{D49E9CCC-CBAE-4C7F-9A9D-3E25A7DB46A8}.Release|Any CPU.ActiveCfg = Release|Any CPU
		{D49E9CCC-CBAE-4C7F-9A9D-3E25A7DB46A8}.Release|Any CPU.Build.0 = Release|Any CPU
		{45C0F4F4-C697-44A9-AE93-4DBFF717FCEE}.Debug|Any CPU.ActiveCfg = Debug|Any CPU
		{45C0F4F4-C697-44A9-AE93-4DBFF717FCEE}.Debug|Any CPU.Build.0 = Debug|Any CPU
		{45C0F4F4-C697-44A9-AE93-4DBFF717FCEE}.Release|Any CPU.ActiveCfg = Release|Any CPU
		{45C0F4F4-C697-44A9-AE93-4DBFF717FCEE}.Release|Any CPU.Build.0 = Release|Any CPU
		{0D2CB887-7D7D-4734-B6A2-C36B58DE110C}.Debug|Any CPU.ActiveCfg = Debug|Any CPU
		{0D2CB887-7D7D-4734-B6A2-C36B58DE110C}.Debug|Any CPU.Build.0 = Debug|Any CPU
		{0D2CB887-7D7D-4734-B6A2-C36B58DE110C}.Release|Any CPU.ActiveCfg = Release|Any CPU
		{0D2CB887-7D7D-4734-B6A2-C36B58DE110C}.Release|Any CPU.Build.0 = Release|Any CPU
		{6D8C6EC7-E35E-4E0C-804E-8963E7666F92}.Debug|Any CPU.ActiveCfg = Debug|Any CPU
		{6D8C6EC7-E35E-4E0C-804E-8963E7666F92}.Debug|Any CPU.Build.0 = Debug|Any CPU
		{6D8C6EC7-E35E-4E0C-804E-8963E7666F92}.Release|Any CPU.ActiveCfg = Release|Any CPU
		{6D8C6EC7-E35E-4E0C-804E-8963E7666F92}.Release|Any CPU.Build.0 = Release|Any CPU
		{2F5BAB7D-DC6F-4A70-9F81-35F8E9F7EA24}.Debug|Any CPU.ActiveCfg = Debug|Any CPU
		{2F5BAB7D-DC6F-4A70-9F81-35F8E9F7EA24}.Debug|Any CPU.Build.0 = Debug|Any CPU
		{2F5BAB7D-DC6F-4A70-9F81-35F8E9F7EA24}.Release|Any CPU.ActiveCfg = Release|Any CPU
		{2F5BAB7D-DC6F-4A70-9F81-35F8E9F7EA24}.Release|Any CPU.Build.0 = Release|Any CPU
		{DF29C334-6B0A-41F0-9F7A-2BE6BDBEBD2C}.Debug|Any CPU.ActiveCfg = Debug|Any CPU
		{DF29C334-6B0A-41F0-9F7A-2BE6BDBEBD2C}.Debug|Any CPU.Build.0 = Debug|Any CPU
		{DF29C334-6B0A-41F0-9F7A-2BE6BDBEBD2C}.Release|Any CPU.ActiveCfg = Release|Any CPU
		{DF29C334-6B0A-41F0-9F7A-2BE6BDBEBD2C}.Release|Any CPU.Build.0 = Release|Any CPU
		{512C86B8-16AC-44BC-B723-2E7C94FAEF73}.Debug|Any CPU.ActiveCfg = Debug|Any CPU
		{512C86B8-16AC-44BC-B723-2E7C94FAEF73}.Debug|Any CPU.Build.0 = Debug|Any CPU
		{512C86B8-16AC-44BC-B723-2E7C94FAEF73}.Release|Any CPU.ActiveCfg = Release|Any CPU
		{512C86B8-16AC-44BC-B723-2E7C94FAEF73}.Release|Any CPU.Build.0 = Release|Any CPU
		{1705FCAB-9522-4589-A490-A295980D60E6}.Debug|Any CPU.ActiveCfg = Debug|Any CPU
		{1705FCAB-9522-4589-A490-A295980D60E6}.Debug|Any CPU.Build.0 = Debug|Any CPU
		{1705FCAB-9522-4589-A490-A295980D60E6}.Release|Any CPU.ActiveCfg = Release|Any CPU
		{1705FCAB-9522-4589-A490-A295980D60E6}.Release|Any CPU.Build.0 = Release|Any CPU
		{49964E58-FD3E-444A-B0F7-4F508EEE657B}.Debug|Any CPU.ActiveCfg = Debug|Any CPU
		{49964E58-FD3E-444A-B0F7-4F508EEE657B}.Debug|Any CPU.Build.0 = Debug|Any CPU
		{49964E58-FD3E-444A-B0F7-4F508EEE657B}.Release|Any CPU.ActiveCfg = Release|Any CPU
		{49964E58-FD3E-444A-B0F7-4F508EEE657B}.Release|Any CPU.Build.0 = Release|Any CPU
		{CD7D66D4-94CD-42AD-AE33-441B38A57C01}.Debug|Any CPU.ActiveCfg = Debug|Any CPU
		{CD7D66D4-94CD-42AD-AE33-441B38A57C01}.Debug|Any CPU.Build.0 = Debug|Any CPU
		{CD7D66D4-94CD-42AD-AE33-441B38A57C01}.Release|Any CPU.ActiveCfg = Release|Any CPU
		{CD7D66D4-94CD-42AD-AE33-441B38A57C01}.Release|Any CPU.Build.0 = Release|Any CPU
	EndGlobalSection
	GlobalSection(SolutionProperties) = preSolution
		HideSolutionNode = FALSE
	EndGlobalSection
EndGlobal
