
Microsoft Visual Studio Solution File, Format Version 12.00
# Visual Studio 2013
VisualStudioVersion = 12.0.21005.1
MinimumVisualStudioVersion = 10.0.40219.1
Project("{FAE04EC0-301F-11D3-BF4B-00C04F79EFBC}") = "01Problem", "01Problem\01Problem.csproj", "{52E3DC57-3F24-4DD1-9991-3A4F70476FF3}"
EndProject
Project("{FAE04EC0-301F-11D3-BF4B-00C04F79EFBC}") = "04HexadecimalToDecimal", "..\Numeral Systems\04HexadecimalToDecimal\04HexadecimalToDecimal.csproj", "{33C563FC-A2A6-4045-81E5-ACB2497FA9E1}"
EndProject
Project("{FAE04EC0-301F-11D3-BF4B-00C04F79EFBC}") = "02Problem", "02Problem\02Problem.csproj", "{E2403B28-D735-45DE-9AFD-967AA653A8E5}"
EndProject
Project("{FAE04EC0-301F-11D3-BF4B-00C04F79EFBC}") = "03Problem", "03Problem\03Problem.csproj", "{9B61B31B-5905-41AF-87E8-A6A679B1D249}"
EndProject
Project("{FAE04EC0-301F-11D3-BF4B-00C04F79EFBC}") = "Collections", "..\LINQ tema\Collections\Collections.csproj", "{032FCAF0-B1B9-4B5A-A3C9-5FFBACDA7C95}"
EndProject
Project("{FAE04EC0-301F-11D3-BF4B-00C04F79EFBC}") = "05problemo", "05problemo\05problemo.csproj", "{470D6943-95C9-4250-9320-0B48F8309B82}"
EndProject
Global
	GlobalSection(SolutionConfigurationPlatforms) = preSolution
		Debug|Any CPU = Debug|Any CPU
		Release|Any CPU = Release|Any CPU
	EndGlobalSection
	GlobalSection(ProjectConfigurationPlatforms) = postSolution
		{52E3DC57-3F24-4DD1-9991-3A4F70476FF3}.Debug|Any CPU.ActiveCfg = Debug|Any CPU
		{52E3DC57-3F24-4DD1-9991-3A4F70476FF3}.Debug|Any CPU.Build.0 = Debug|Any CPU
		{52E3DC57-3F24-4DD1-9991-3A4F70476FF3}.Release|Any CPU.ActiveCfg = Release|Any CPU
		{52E3DC57-3F24-4DD1-9991-3A4F70476FF3}.Release|Any CPU.Build.0 = Release|Any CPU
		{33C563FC-A2A6-4045-81E5-ACB2497FA9E1}.Debug|Any CPU.ActiveCfg = Debug|Any CPU
		{33C563FC-A2A6-4045-81E5-ACB2497FA9E1}.Debug|Any CPU.Build.0 = Debug|Any CPU
		{33C563FC-A2A6-4045-81E5-ACB2497FA9E1}.Release|Any CPU.ActiveCfg = Release|Any CPU
		{33C563FC-A2A6-4045-81E5-ACB2497FA9E1}.Release|Any CPU.Build.0 = Release|Any CPU
		{E2403B28-D735-45DE-9AFD-967AA653A8E5}.Debug|Any CPU.ActiveCfg = Debug|Any CPU
		{E2403B28-D735-45DE-9AFD-967AA653A8E5}.Debug|Any CPU.Build.0 = Debug|Any CPU
		{E2403B28-D735-45DE-9AFD-967AA653A8E5}.Release|Any CPU.ActiveCfg = Release|Any CPU
		{E2403B28-D735-45DE-9AFD-967AA653A8E5}.Release|Any CPU.Build.0 = Release|Any CPU
		{9B61B31B-5905-41AF-87E8-A6A679B1D249}.Debug|Any CPU.ActiveCfg = Debug|Any CPU
		{9B61B31B-5905-41AF-87E8-A6A679B1D249}.Debug|Any CPU.Build.0 = Debug|Any CPU
		{9B61B31B-5905-41AF-87E8-A6A679B1D249}.Release|Any CPU.ActiveCfg = Release|Any CPU
		{9B61B31B-5905-41AF-87E8-A6A679B1D249}.Release|Any CPU.Build.0 = Release|Any CPU
		{032FCAF0-B1B9-4B5A-A3C9-5FFBACDA7C95}.Debug|Any CPU.ActiveCfg = Debug|Any CPU
		{032FCAF0-B1B9-4B5A-A3C9-5FFBACDA7C95}.Debug|Any CPU.Build.0 = Debug|Any CPU
		{032FCAF0-B1B9-4B5A-A3C9-5FFBACDA7C95}.Release|Any CPU.ActiveCfg = Release|Any CPU
		{032FCAF0-B1B9-4B5A-A3C9-5FFBACDA7C95}.Release|Any CPU.Build.0 = Release|Any CPU
		{470D6943-95C9-4250-9320-0B48F8309B82}.Debug|Any CPU.ActiveCfg = Debug|Any CPU
		{470D6943-95C9-4250-9320-0B48F8309B82}.Debug|Any CPU.Build.0 = Debug|Any CPU
		{470D6943-95C9-4250-9320-0B48F8309B82}.Release|Any CPU.ActiveCfg = Release|Any CPU
		{470D6943-95C9-4250-9320-0B48F8309B82}.Release|Any CPU.Build.0 = Release|Any CPU
	EndGlobalSection
	GlobalSection(SolutionProperties) = preSolution
		HideSolutionNode = FALSE
	EndGlobalSection
EndGlobal
